
Microsoft Visual Studio Solution File, Format Version 12.00
Project("{FAE04EC0-301F-11D3-BF4B-00C04F79EFBC}") = "GerenciadorTarefas", "GerenciadorTarefas.csproj", "{1B3AE288-3F27-444D-B410-03131841C52D}"
EndProject
Global
	GlobalSection(SolutionConfigurationPlatforms) = preSolution
		Debug|Any CPU = Debug|Any CPU
		Release|Any CPU = Release|Any CPU
	EndGlobalSection
	GlobalSection(ProjectConfigurationPlatforms) = postSolution
		{1B3AE288-3F27-444D-B410-03131841C52D}.Debug|Any CPU.ActiveCfg = Debug|Any CPU
		{1B3AE288-3F27-444D-B410-03131841C52D}.Debug|Any CPU.Build.0 = Debug|Any CPU
		{1B3AE288-3F27-444D-B410-03131841C52D}.Release|Any CPU.ActiveCfg = Release|Any CPU
		{1B3AE288-3F27-444D-B410-03131841C52D}.Release|Any CPU.Build.0 = Release|Any CPU
	EndGlobalSection
EndGlobal
